// !$*UTF8*$!
{
	archiveVersion = 1;
	classes = {
	};
	objectVersion = 56;
	objects = {

/* Begin PBXBuildFile section */
		01A000000000000000000101 /* PindouColorsApp.swift in Sources */ = {isa = PBXBuildFile; fileRef = 01A000000000000000000001 /* PindouColorsApp.swift */; };
		01A000000000000000000102 /* ContentView.swift in Sources */ = {isa = PBXBuildFile; fileRef = 01A000000000000000000002 /* ContentView.swift */; };
		01A000000000000000000103 /* BeadColor.swift in Sources */ = {isa = PBXBuildFile; fileRef = 01A000000000000000000003 /* BeadColor.swift */; };
		01A000000000000000000104 /* ColorImportService.swift in Sources */ = {isa = PBXBuildFile; fileRef = 01A000000000000000000004 /* ColorImportService.swift */; };
		01A000000000000000000105 /* BackupService.swift in Sources */ = {isa = PBXBuildFile; fileRef = 01A000000000000000000005 /* BackupService.swift */; };
		01A000000000000000000106 /* ColorWarehouseView.swift in Sources */ = {isa = PBXBuildFile; fileRef = 01A000000000000000000006 /* ColorWarehouseView.swift */; };
		01A000000000000000000107 /* ColorCardView.swift in Sources */ = {isa = PBXBuildFile; fileRef = 01A000000000000000000007 /* ColorCardView.swift */; };
		01A000000000000000000108 /* ColorEditorView.swift in Sources */ = {isa = PBXBuildFile; fileRef = 01A000000000000000000008 /* ColorEditorView.swift */; };
		01A000000000000000000109 /* ImportSheetView.swift in Sources */ = {isa = PBXBuildFile; fileRef = 01A000000000000000000009 /* ImportSheetView.swift */; };
		01A000000000000000000110 /* PlaceholderTabView.swift in Sources */ = {isa = PBXBuildFile; fileRef = 01A000000000000000000010 /* PlaceholderTabView.swift */; };
		01A000000000000000000111 /* ExportDocument.swift in Sources */ = {isa = PBXBuildFile; fileRef = 01A000000000000000000011 /* ExportDocument.swift */; };
		01A000000000000000000114 /* SettingsView.swift in Sources */ = {isa = PBXBuildFile; fileRef = 01A000000000000000000015 /* SettingsView.swift */; };
		01A000000000000000000112 /* Assets.xcassets in Resources */ = {isa = PBXBuildFile; fileRef = 01A000000000000000000012 /* Assets.xcassets */; };
		01A000000000000000000113 /* DefaultColorCatalog.swift in Sources */ = {isa = PBXBuildFile; fileRef = 01A000000000000000000014 /* DefaultColorCatalog.swift */; };
		01A000000000000000000201 /* ColorImportServiceTests.swift in Sources */ = {isa = PBXBuildFile; fileRef = 01A000000000000000000021 /* ColorImportServiceTests.swift */; };
/* End PBXBuildFile section */

/* Begin PBXContainerItemProxy section */
		01A000000000000000000301 /* PBXContainerItemProxy */ = {
			isa = PBXContainerItemProxy;
			containerPortal = 01A000000000000000000900 /* Project object */;
			proxyType = 1;
			remoteGlobalIDString = 01A000000000000000000401;
			remoteInfo = PindouColors;
		};
/* End PBXContainerItemProxy section */

/* Begin PBXFileReference section */
		01A000000000000000000001 /* PindouColorsApp.swift */ = {isa = PBXFileReference; lastKnownFileType = sourcecode.swift; path = PindouColorsApp.swift; sourceTree = "<group>"; };
		01A000000000000000000002 /* ContentView.swift */ = {isa = PBXFileReference; lastKnownFileType = sourcecode.swift; path = ContentView.swift; sourceTree = "<group>"; };
		01A000000000000000000003 /* BeadColor.swift */ = {isa = PBXFileReference; lastKnownFileType = sourcecode.swift; path = BeadColor.swift; sourceTree = "<group>"; };
		01A000000000000000000004 /* ColorImportService.swift */ = {isa = PBXFileReference; lastKnownFileType = sourcecode.swift; path = ColorImportService.swift; sourceTree = "<group>"; };
		01A000000000000000000005 /* BackupService.swift */ = {isa = PBXFileReference; lastKnownFileType = sourcecode.swift; path = BackupService.swift; sourceTree = "<group>"; };
		01A000000000000000000006 /* ColorWarehouseView.swift */ = {isa = PBXFileReference; lastKnownFileType = sourcecode.swift; path = ColorWarehouseView.swift; sourceTree = "<group>"; };
		01A000000000000000000007 /* ColorCardView.swift */ = {isa = PBXFileReference; lastKnownFileType = sourcecode.swift; path = ColorCardView.swift; sourceTree = "<group>"; };
		01A000000000000000000008 /* ColorEditorView.swift */ = {isa = PBXFileReference; lastKnownFileType = sourcecode.swift; path = ColorEditorView.swift; sourceTree = "<group>"; };
		01A000000000000000000009 /* ImportSheetView.swift */ = {isa = PBXFileReference; lastKnownFileType = sourcecode.swift; path = ImportSheetView.swift; sourceTree = "<group>"; };
		01A000000000000000000010 /* PlaceholderTabView.swift */ = {isa = PBXFileReference; lastKnownFileType = sourcecode.swift; path = PlaceholderTabView.swift; sourceTree = "<group>"; };
		01A000000000000000000011 /* ExportDocument.swift */ = {isa = PBXFileReference; lastKnownFileType = sourcecode.swift; path = ExportDocument.swift; sourceTree = "<group>"; };
		01A000000000000000000012 /* Assets.xcassets */ = {isa = PBXFileReference; lastKnownFileType = folder.assetcatalog; path = Assets.xcassets; sourceTree = "<group>"; };
		01A000000000000000000013 /* PindouColors.app */ = {isa = PBXFileReference; explicitFileType = wrapper.application; includeInIndex = 0; path = PindouColors.app; sourceTree = BUILT_PRODUCTS_DIR; };
		01A000000000000000000014 /* DefaultColorCatalog.swift */ = {isa = PBXFileReference; lastKnownFileType = sourcecode.swift; path = DefaultColorCatalog.swift; sourceTree = "<group>"; };
		01A000000000000000000015 /* SettingsView.swift */ = {isa = PBXFileReference; lastKnownFileType = sourcecode.swift; path = SettingsView.swift; sourceTree = "<group>"; };
		01A000000000000000000021 /* ColorImportServiceTests.swift */ = {isa = PBXFileReference; lastKnownFileType = sourcecode.swift; path = ColorImportServiceTests.swift; sourceTree = "<group>"; };
		01A000000000000000000022 /* PindouColorsTests.xctest */ = {isa = PBXFileReference; explicitFileType = wrapper.cfbundle; includeInIndex = 0; path = PindouColorsTests.xctest; sourceTree = BUILT_PRODUCTS_DIR; };
/* End PBXFileReference section */

/* Begin PBXFrameworksBuildPhase section */
		01A000000000000000000501 /* Frameworks */ = {
			isa = PBXFrameworksBuildPhase;
			buildActionMask = 2147483647;
			files = (
			);
			runOnlyForDeploymentPostprocessing = 0;
		};
		01A000000000000000000502 /* Frameworks */ = {
			isa = PBXFrameworksBuildPhase;
			buildActionMask = 2147483647;
			files = (
			);
			runOnlyForDeploymentPostprocessing = 0;
		};
/* End PBXFrameworksBuildPhase section */

/* Begin PBXGroup section */
		01A000000000000000000800 = {
			isa = PBXGroup;
			children = (
				01A000000000000000000801 /* PindouColors/PindouColors */,
				01A000000000000000000802 /* PindouColorsTests */,
				01A000000000000000000803 /* Products */,
			);
			sourceTree = "<group>";
		};
		01A000000000000000000801 /* PindouColors/PindouColors */ = {
			isa = PBXGroup;
			children = (
				01A000000000000000000804 /* App */,
				01A000000000000000000805 /* Models */,
				01A000000000000000000806 /* Services */,
				01A000000000000000000807 /* Views */,
				01A000000000000000000808 /* Resources */,
			);
			path = PindouColors/PindouColors;
			sourceTree = "<group>";
		};
		01A000000000000000000802 /* PindouColorsTests */ = {
			isa = PBXGroup;
			children = (
				01A000000000000000000021 /* ColorImportServiceTests.swift */,
			);
			path = PindouColorsTests;
			sourceTree = "<group>";
		};
		01A000000000000000000803 /* Products */ = {
			isa = PBXGroup;
			children = (
				01A000000000000000000013 /* PindouColors.app */,
				01A000000000000000000022 /* PindouColorsTests.xctest */,
			);
			name = Products;
			sourceTree = "<group>";
		};
		01A000000000000000000804 /* App */ = {
			isa = PBXGroup;
			children = (
				01A000000000000000000001 /* PindouColorsApp.swift */,
				01A000000000000000000002 /* ContentView.swift */,
				01A000000000000000000011 /* ExportDocument.swift */,
			);
			path = App;
			sourceTree = "<group>";
		};
		01A000000000000000000805 /* Models */ = {
			isa = PBXGroup;
			children = (
				01A000000000000000000003 /* BeadColor.swift */,
			);
			path = Models;
			sourceTree = "<group>";
		};
		01A000000000000000000806 /* Services */ = {
			isa = PBXGroup;
			children = (
				01A000000000000000000004 /* ColorImportService.swift */,
				01A000000000000000000005 /* BackupService.swift */,
				01A000000000000000000014 /* DefaultColorCatalog.swift */,
			);
			path = Services;
			sourceTree = "<group>";
		};
		01A000000000000000000807 /* Views */ = {
			isa = PBXGroup;
			children = (
				01A000000000000000000006 /* ColorWarehouseView.swift */,
				01A000000000000000000007 /* ColorCardView.swift */,
				01A000000000000000000008 /* ColorEditorView.swift */,
				01A000000000000000000009 /* ImportSheetView.swift */,
				01A000000000000000000010 /* PlaceholderTabView.swift */,
				01A000000000000000000015 /* SettingsView.swift */,
			);
			path = Views;
			sourceTree = "<group>";
		};
		01A000000000000000000808 /* Resources */ = {
			isa = PBXGroup;
			children = (
				01A000000000000000000012 /* Assets.xcassets */,
			);
			path = Resources;
			sourceTree = "<group>";
		};
/* End PBXGroup section */

/* Begin PBXNativeTarget section */
		01A000000000000000000401 /* PindouColors */ = {
			isa = PBXNativeTarget;
			buildConfigurationList = 01A000000000000000000601 /* Build configuration list for PBXNativeTarget "PindouColors" */;
			buildPhases = (
				01A000000000000000000701 /* Sources */,
				01A000000000000000000501 /* Frameworks */,
				01A000000000000000000702 /* Resources */,
			);
			buildRules = (
			);
			dependencies = (
			);
			name = PindouColors;
			productName = PindouColors;
			productReference = 01A000000000000000000013 /* PindouColors.app */;
			productType = "com.apple.product-type.application";
		};
		01A000000000000000000402 /* PindouColorsTests */ = {
			isa = PBXNativeTarget;
			buildConfigurationList = 01A000000000000000000602 /* Build configuration list for PBXNativeTarget "PindouColorsTests" */;
			buildPhases = (
				01A000000000000000000703 /* Sources */,
				01A000000000000000000502 /* Frameworks */,
				01A000000000000000000704 /* Resources */,
			);
			buildRules = (
			);
			dependencies = (
				01A000000000000000000302 /* PBXTargetDependency */,
			);
			name = PindouColorsTests;
			productName = PindouColorsTests;
			productReference = 01A000000000000000000022 /* PindouColorsTests.xctest */;
			productType = "com.apple.product-type.bundle.unit-test";
		};
/* End PBXNativeTarget section */

/* Begin PBXProject section */
		01A000000000000000000900 /* Project object */ = {
			isa = PBXProject;
			attributes = {
				BuildIndependentTargetsInParallel = 1;
				LastSwiftUpdateCheck = 1600;
				LastUpgradeCheck = 2650;
				TargetAttributes = {
					01A000000000000000000401 = {
						CreatedOnToolsVersion = 16.0;
					};
					01A000000000000000000402 = {
						CreatedOnToolsVersion = 16.0;
						TestTargetID = 01A000000000000000000401;
					};
				};
			};
			buildConfigurationList = 01A000000000000000000600 /* Build configuration list for PBXProject "PindouColors" */;
			compatibilityVersion = "Xcode 14.0";
			developmentRegion = "zh-Hans";
			hasScannedForEncodings = 0;
			knownRegions = (
				"zh-Hans",
				en,
				Base,
			);
			mainGroup = 01A000000000000000000800;
			productRefGroup = 01A000000000000000000803 /* Products */;
			projectDirPath = "";
			projectRoot = "";
			targets = (
				01A000000000000000000401 /* PindouColors */,
				01A000000000000000000402 /* PindouColorsTests */,
			);
		};
/* End PBXProject section */

/* Begin PBXResourcesBuildPhase section */
		01A000000000000000000702 /* Resources */ = {
			isa = PBXResourcesBuildPhase;
			buildActionMask = 2147483647;
			files = (
				01A000000000000000000112 /* Assets.xcassets in Resources */,
			);
			runOnlyForDeploymentPostprocessing = 0;
		};
		01A000000000000000000704 /* Resources */ = {
			isa = PBXResourcesBuildPhase;
			buildActionMask = 2147483647;
			files = (
			);
			runOnlyForDeploymentPostprocessing = 0;
		};
/* End PBXResourcesBuildPhase section */

/* Begin PBXSourcesBuildPhase section */
		01A000000000000000000701 /* Sources */ = {
			isa = PBXSourcesBuildPhase;
			buildActionMask = 2147483647;
			files = (
				01A000000000000000000101 /* PindouColorsApp.swift in Sources */,
				01A000000000000000000102 /* ContentView.swift in Sources */,
				01A000000000000000000103 /* BeadColor.swift in Sources */,
				01A000000000000000000104 /* ColorImportService.swift in Sources */,
				01A000000000000000000105 /* BackupService.swift in Sources */,
				01A000000000000000000113 /* DefaultColorCatalog.swift in Sources */,
				01A000000000000000000106 /* ColorWarehouseView.swift in Sources */,
				01A000000000000000000107 /* ColorCardView.swift in Sources */,
				01A000000000000000000108 /* ColorEditorView.swift in Sources */,
				01A000000000000000000109 /* ImportSheetView.swift in Sources */,
				01A000000000000000000110 /* PlaceholderTabView.swift in Sources */,
				01A000000000000000000111 /* ExportDocument.swift in Sources */,
				01A000000000000000000114 /* SettingsView.swift in Sources */,
			);
			runOnlyForDeploymentPostprocessing = 0;
		};
		01A000000000000000000703 /* Sources */ = {
			isa = PBXSourcesBuildPhase;
			buildActionMask = 2147483647;
			files = (
				01A000000000000000000201 /* ColorImportServiceTests.swift in Sources */,
			);
			runOnlyForDeploymentPostprocessing = 0;
		};
/* End PBXSourcesBuildPhase section */

/* Begin PBXTargetDependency section */
		01A000000000000000000302 /* PBXTargetDependency */ = {
			isa = PBXTargetDependency;
			target = 01A000000000000000000401 /* PindouColors */;
			targetProxy = 01A000000000000000000301 /* PBXContainerItemProxy */;
		};
/* End PBXTargetDependency section */

/* Begin XCBuildConfiguration section */
		01A000000000000000000611 /* Debug */ = {
			isa = XCBuildConfiguration;
			buildSettings = {
				ALWAYS_SEARCH_USER_PATHS = NO;
				CLANG_ANALYZER_LOCALIZABILITY_NONLOCALIZED = YES;
				CLANG_ANALYZER_NONNULL = YES;
				CLANG_ANALYZER_NUMBER_OBJECT_CONVERSION = YES_AGGRESSIVE;
				CLANG_CXX_LANGUAGE_STANDARD = "gnu++20";
				CLANG_ENABLE_MODULES = YES;
				CLANG_ENABLE_OBJC_ARC = YES;
				CLANG_ENABLE_OBJC_WEAK = YES;
				CLANG_WARN_BLOCK_CAPTURE_AUTORELEASING = YES;
				CLANG_WARN_BOOL_CONVERSION = YES;
				CLANG_WARN_COMMA = YES;
				CLANG_WARN_CONSTANT_CONVERSION = YES;
				CLANG_WARN_DEPRECATED_OBJC_IMPLEMENTATIONS = YES;
				CLANG_WARN_DOCUMENTATION_COMMENTS = YES;
				CLANG_WARN_EMPTY_BODY = YES;
				CLANG_WARN_ENUM_CONVERSION = YES;
				CLANG_WARN_INFINITE_RECURSION = YES;
				CLANG_WARN_INT_CONVERSION = YES;
				CLANG_WARN_NON_LITERAL_NULL_CONVERSION = YES;
				CLANG_WARN_OBJC_IMPLICIT_RETAIN_SELF = YES;
				CLANG_WARN_OBJC_LITERAL_CONVERSION = YES;
				CLANG_WARN_QUOTED_INCLUDE_IN_FRAMEWORK_HEADER = YES;
				CLANG_WARN_RANGE_LOOP_ANALYSIS = YES;
				CLANG_WARN_STRICT_PROTOTYPES = YES;
				CLANG_WARN_SUSPICIOUS_MOVE = YES;
				CLANG_WARN_UNGUARDED_AVAILABILITY = YES_AGGRESSIVE;
				CLANG_WARN_UNREACHABLE_CODE = YES;
				CLANG_WARN__DUPLICATE_METHOD_MATCH = YES;
				CODE_SIGN_STYLE = Automatic;
				COPY_PHASE_STRIP = NO;
				DEBUG_INFORMATION_FORMAT = dwarf;
				ENABLE_STRICT_OBJC_MSGSEND = YES;
				ENABLE_TESTABILITY = YES;
				ENABLE_USER_SCRIPT_SANDBOXING = YES;
				GCC_C_LANGUAGE_STANDARD = gnu17;
				GCC_DYNAMIC_NO_PIC = NO;
				GCC_NO_COMMON_BLOCKS = YES;
				GCC_OPTIMIZATION_LEVEL = 0;
				GCC_PREPROCESSOR_DEFINITIONS = (
					"DEBUG=1",
					"$(inherited)",
				);
				GCC_WARN_64_TO_32_BIT_CONVERSION = YES;
				GCC_WARN_ABOUT_RETURN_TYPE = YES_ERROR;
				GCC_WARN_UNDECLARED_SELECTOR = YES;
				GCC_WARN_UNINITIALIZED_AUTOS = YES_AGGRESSIVE;
				GCC_WARN_UNUSED_FUNCTION = YES;
				GCC_WARN_UNUSED_VARIABLE = YES;
				IPHONEOS_DEPLOYMENT_TARGET = 17.0;
				ONLY_ACTIVE_ARCH = YES;
				SDKROOT = iphoneos;
				STRING_CATALOG_GENERATE_SYMBOLS = YES;
				SWIFT_ACTIVE_COMPILATION_CONDITIONS = DEBUG;
				SWIFT_OPTIMIZATION_LEVEL = "-Onone";
			};
			name = Debug;
		};
		01A000000000000000000612 /* Release */ = {
			isa = XCBuildConfiguration;
			buildSettings = {
				ALWAYS_SEARCH_USER_PATHS = NO;
				CLANG_ANALYZER_LOCALIZABILITY_NONLOCALIZED = YES;
				CLANG_ANALYZER_NONNULL = YES;
				CLANG_ANALYZER_NUMBER_OBJECT_CONVERSION = YES_AGGRESSIVE;
				CLANG_CXX_LANGUAGE_STANDARD = "gnu++20";
				CLANG_ENABLE_MODULES = YES;
				CLANG_ENABLE_OBJC_ARC = YES;
				CLANG_ENABLE_OBJC_WEAK = YES;
				CLANG_WARN_BLOCK_CAPTURE_AUTORELEASING = YES;
				CLANG_WARN_BOOL_CONVERSION = YES;
				CLANG_WARN_COMMA = YES;
				CLANG_WARN_CONSTANT_CONVERSION = YES;
				CLANG_WARN_DEPRECATED_OBJC_IMPLEMENTATIONS = YES;
				CLANG_WARN_DOCUMENTATION_COMMENTS = YES;
				CLANG_WARN_EMPTY_BODY = YES;
				CLANG_WARN_ENUM_CONVERSION = YES;
				CLANG_WARN_INFINITE_RECURSION = YES;
				CLANG_WARN_INT_CONVERSION = YES;
				CLANG_WARN_NON_LITERAL_NULL_CONVERSION = YES;
				CLANG_WARN_OBJC_IMPLICIT_RETAIN_SELF = YES;
				CLANG_WARN_OBJC_LITERAL_CONVERSION = YES;
				CLANG_WARN_QUOTED_INCLUDE_IN_FRAMEWORK_HEADER = YES;
				CLANG_WARN_RANGE_LOOP_ANALYSIS = YES;
				CLANG_WARN_STRICT_PROTOTYPES = YES;
				CLANG_WARN_SUSPICIOUS_MOVE = YES;
				CLANG_WARN_UNGUARDED_AVAILABILITY = YES_AGGRESSIVE;
				CLANG_WARN_UNREACHABLE_CODE = YES;
				CLANG_WARN__DUPLICATE_METHOD_MATCH = YES;
				CODE_SIGN_STYLE = Automatic;
				COPY_PHASE_STRIP = NO;
				DEBUG_INFORMATION_FORMAT = "dwarf-with-dsym";
				ENABLE_NS_ASSERTIONS = NO;
				ENABLE_STRICT_OBJC_MSGSEND = YES;
				ENABLE_USER_SCRIPT_SANDBOXING = YES;
				GCC_C_LANGUAGE_STANDARD = gnu17;
				GCC_NO_COMMON_BLOCKS = YES;
				GCC_WARN_64_TO_32_BIT_CONVERSION = YES;
				GCC_WARN_ABOUT_RETURN_TYPE = YES_ERROR;
				GCC_WARN_UNDECLARED_SELECTOR = YES;
				GCC_WARN_UNINITIALIZED_AUTOS = YES_AGGRESSIVE;
				GCC_WARN_UNUSED_FUNCTION = YES;
				GCC_WARN_UNUSED_VARIABLE = YES;
				IPHONEOS_DEPLOYMENT_TARGET = 17.0;
				SDKROOT = iphoneos;
				STRING_CATALOG_GENERATE_SYMBOLS = YES;
				SWIFT_COMPILATION_MODE = wholemodule;
				SWIFT_OPTIMIZATION_LEVEL = "-O";
				VALIDATE_PRODUCT = YES;
			};
			name = Release;
		};
		01A000000000000000000621 /* Debug */ = {
			isa = XCBuildConfiguration;
			buildSettings = {
				ASSETCATALOG_COMPILER_APPICON_NAME = AppIcon;
				ASSETCATALOG_COMPILER_GLOBAL_ACCENT_COLOR_NAME = AccentColor;
				CODE_SIGN_STYLE = Automatic;
				CURRENT_PROJECT_VERSION = 1;
				DEVELOPMENT_TEAM = 4E2WSJ7CBU;
				GENERATE_INFOPLIST_FILE = YES;
				INFOPLIST_KEY_CFBundleDisplayName = "拼豆颜色";
				INFOPLIST_KEY_UILaunchScreen_Generation = YES;
				INFOPLIST_KEY_UISupportedInterfaceOrientations = UIInterfaceOrientationPortrait;
				INFOPLIST_KEY_UISupportedInterfaceOrientations_iPad = UIInterfaceOrientationPortrait;
				IPHONEOS_DEPLOYMENT_TARGET = 17.0;
				MARKETING_VERSION = 1.0;
				PRODUCT_BUNDLE_IDENTIFIER = com.local.PindouColors;
				PRODUCT_NAME = "$(TARGET_NAME)";
				SUPPORTED_PLATFORMS = "iphoneos iphonesimulator";
				SUPPORTS_MACCATALYST = NO;
				SUPPORTS_MAC_DESIGNED_FOR_IPHONE_IPAD = NO;
				SWIFT_EMIT_LOC_STRINGS = YES;
				SWIFT_VERSION = 5.0;
				TARGETED_DEVICE_FAMILY = 1;
			};
			name = Debug;
		};
		01A000000000000000000622 /* Release */ = {
			isa = XCBuildConfiguration;
			buildSettings = {
				ASSETCATALOG_COMPILER_APPICON_NAME = AppIcon;
				ASSETCATALOG_COMPILER_GLOBAL_ACCENT_COLOR_NAME = AccentColor;
				CODE_SIGN_STYLE = Automatic;
				CURRENT_PROJECT_VERSION = 1;
				DEVELOPMENT_TEAM = 4E2WSJ7CBU;
				GENERATE_INFOPLIST_FILE = YES;
				INFOPLIST_KEY_CFBundleDisplayName = "拼豆颜色";
				INFOPLIST_KEY_UILaunchScreen_Generation = YES;
				INFOPLIST_KEY_UISupportedInterfaceOrientations = UIInterfaceOrientationPortrait;
				INFOPLIST_KEY_UISupportedInterfaceOrientations_iPad = UIInterfaceOrientationPortrait;
				IPHONEOS_DEPLOYMENT_TARGET = 17.0;
				MARKETING_VERSION = 1.0;
				PRODUCT_BUNDLE_IDENTIFIER = com.local.PindouColors;
				PRODUCT_NAME = "$(TARGET_NAME)";
				SUPPORTED_PLATFORMS = "iphoneos iphonesimulator";
				SUPPORTS_MACCATALYST = NO;
				SUPPORTS_MAC_DESIGNED_FOR_IPHONE_IPAD = NO;
				SWIFT_EMIT_LOC_STRINGS = YES;
				SWIFT_VERSION = 5.0;
				TARGETED_DEVICE_FAMILY = 1;
			};
			name = Release;
		};
		01A000000000000000000631 /* Debug */ = {
			isa = XCBuildConfiguration;
			buildSettings = {
				BUNDLE_LOADER = "$(TEST_HOST)";
				CODE_SIGN_STYLE = Automatic;
				CURRENT_PROJECT_VERSION = 1;
				GENERATE_INFOPLIST_FILE = YES;
				IPHONEOS_DEPLOYMENT_TARGET = 17.0;
				MARKETING_VERSION = 1.0;
				PRODUCT_BUNDLE_IDENTIFIER = com.local.PindouColorsTests;
				PRODUCT_NAME = "$(TARGET_NAME)";
				SUPPORTED_PLATFORMS = "iphoneos iphonesimulator";
				SWIFT_VERSION = 5.0;
				TARGETED_DEVICE_FAMILY = 1;
				TEST_HOST = "$(BUILT_PRODUCTS_DIR)/PindouColors.app/$(BUNDLE_EXECUTABLE_FOLDER_PATH)/PindouColors";
			};
			name = Debug;
		};
		01A000000000000000000632 /* Release */ = {
			isa = XCBuildConfiguration;
			buildSettings = {
				BUNDLE_LOADER = "$(TEST_HOST)";
				CODE_SIGN_STYLE = Automatic;
				CURRENT_PROJECT_VERSION = 1;
				GENERATE_INFOPLIST_FILE = YES;
				IPHONEOS_DEPLOYMENT_TARGET = 17.0;
				MARKETING_VERSION = 1.0;
				PRODUCT_BUNDLE_IDENTIFIER = com.local.PindouColorsTests;
				PRODUCT_NAME = "$(TARGET_NAME)";
				SUPPORTED_PLATFORMS = "iphoneos iphonesimulator";
				SWIFT_VERSION = 5.0;
				TARGETED_DEVICE_FAMILY = 1;
				TEST_HOST = "$(BUILT_PRODUCTS_DIR)/PindouColors.app/$(BUNDLE_EXECUTABLE_FOLDER_PATH)/PindouColors";
			};
			name = Release;
		};
/* End XCBuildConfiguration section */

/* Begin XCConfigurationList section */
		01A000000000000000000600 /* Build configuration list for PBXProject "PindouColors" */ = {
			isa = XCConfigurationList;
			buildConfigurations = (
				01A000000000000000000611 /* Debug */,
				01A000000000000000000612 /* Release */,
			);
			defaultConfigurationIsVisible = 0;
			defaultConfigurationName = Release;
		};
		01A000000000000000000601 /* Build configuration list for PBXNativeTarget "PindouColors" */ = {
			isa = XCConfigurationList;
			buildConfigurations = (
				01A000000000000000000621 /* Debug */,
				01A000000000000000000622 /* Release */,
			);
			defaultConfigurationIsVisible = 0;
			defaultConfigurationName = Release;
		};
		01A000000000000000000602 /* Build configuration list for PBXNativeTarget "PindouColorsTests" */ = {
			isa = XCConfigurationList;
			buildConfigurations = (
				01A000000000000000000631 /* Debug */,
				01A000000000000000000632 /* Release */,
			);
			defaultConfigurationIsVisible = 0;
			defaultConfigurationName = Release;
		};
/* End XCConfigurationList section */
	};
	rootObject = 01A000000000000000000900 /* Project object */;
}
